{
  "object": {
    "pins": [
      {
        "package": "JSONAPIMapper",
        "repositoryURL": "https://github.com/nimblehq/JSONMapper.git",
        "state": {
          "branch": null,
          "revision": "d3666e6d2cbbbdaa709de61142d21d90626d67cd",
          "version": "1.1.1"
        }
      }
    ]
  },
  "version": 1
}
